// !$*UTF8*$!
{
	archiveVersion = 1;
	classes = {
	};
	objectVersion = 48;
	objects = {

/* Begin PBXBuildFile section */
		560D35B61F84B15C005A2E4D /* GetDataFromServer.swift in Sources */ = {isa = PBXBuildFile; fileRef = 560D35B51F84B15C005A2E4D /* GetDataFromServer.swift */; };
		561CAEB11F83756F0014E477 /* AppDelegate.swift in Sources */ = {isa = PBXBuildFile; fileRef = 561CAEB01F83756F0014E477 /* AppDelegate.swift */; };
		561CAEB31F83756F0014E477 /* ViewController.swift in Sources */ = {isa = PBXBuildFile; fileRef = 561CAEB21F83756F0014E477 /* ViewController.swift */; };
		561CAEB81F83756F0014E477 /* Assets.xcassets in Resources */ = {isa = PBXBuildFile; fileRef = 561CAEB71F83756F0014E477 /* Assets.xcassets */; };
		561CAEBB1F83756F0014E477 /* LaunchScreen.storyboard in Resources */ = {isa = PBXBuildFile; fileRef = 561CAEB91F83756F0014E477 /* LaunchScreen.storyboard */; };
		561CAEE71F837D8B0014E477 /* Main.storyboard in Resources */ = {isa = PBXBuildFile; fileRef = 561CAEE51F837D8B0014E477 /* Main.storyboard */; };
		5695DC541F9106B80058D2A7 /* ResultPackage.swift in Sources */ = {isa = PBXBuildFile; fileRef = 5695DC531F9106B80058D2A7 /* ResultPackage.swift */; };
		5695DC561F9109EC0058D2A7 /* Account.swift in Sources */ = {isa = PBXBuildFile; fileRef = 5695DC551F9109EC0058D2A7 /* Account.swift */; };
		F01B8D6B1F8CD13300F27DFB /* ListViewController.swift in Sources */ = {isa = PBXBuildFile; fileRef = F01B8D6A1F8CD13300F27DFB /* ListViewController.swift */; };
		F0FB4D251F8F347700409A91 /* PointLog.swift in Sources */ = {isa = PBXBuildFile; fileRef = F0FB4D241F8F347700409A91 /* PointLog.swift */; };
/* End PBXBuildFile section */

/* Begin PBXFileReference section */
		560D35B51F84B15C005A2E4D /* GetDataFromServer.swift */ = {isa = PBXFileReference; lastKnownFileType = sourcecode.swift; path = GetDataFromServer.swift; sourceTree = "<group>"; };
		561CAEAD1F83756F0014E477 /* PointSystem.app */ = {isa = PBXFileReference; explicitFileType = wrapper.application; includeInIndex = 0; path = PointSystem.app; sourceTree = BUILT_PRODUCTS_DIR; };
		561CAEB01F83756F0014E477 /* AppDelegate.swift */ = {isa = PBXFileReference; fileEncoding = 4; lastKnownFileType = sourcecode.swift; path = AppDelegate.swift; sourceTree = "<group>"; };
		561CAEB21F83756F0014E477 /* ViewController.swift */ = {isa = PBXFileReference; lastKnownFileType = sourcecode.swift; path = ViewController.swift; sourceTree = "<group>"; };
		561CAEB71F83756F0014E477 /* Assets.xcassets */ = {isa = PBXFileReference; lastKnownFileType = folder.assetcatalog; path = Assets.xcassets; sourceTree = "<group>"; };
		561CAEBA1F83756F0014E477 /* Base */ = {isa = PBXFileReference; lastKnownFileType = file.storyboard; name = Base; path = Base.lproj/LaunchScreen.storyboard; sourceTree = "<group>"; };
		561CAEBC1F83756F0014E477 /* Info.plist */ = {isa = PBXFileReference; lastKnownFileType = text.plist.xml; path = Info.plist; sourceTree = "<group>"; };
		561CAEE61F837D8B0014E477 /* Base */ = {isa = PBXFileReference; lastKnownFileType = file.storyboard; name = Base; path = Base.lproj/Main.storyboard; sourceTree = "<group>"; };
		5695DC531F9106B80058D2A7 /* ResultPackage.swift */ = {isa = PBXFileReference; lastKnownFileType = sourcecode.swift; path = ResultPackage.swift; sourceTree = "<group>"; };
		5695DC551F9109EC0058D2A7 /* Account.swift */ = {isa = PBXFileReference; lastKnownFileType = sourcecode.swift; path = Account.swift; sourceTree = "<group>"; };
		F01B8D6A1F8CD13300F27DFB /* ListViewController.swift */ = {isa = PBXFileReference; lastKnownFileType = sourcecode.swift; path = ListViewController.swift; sourceTree = "<group>"; };
		F0FB4D241F8F347700409A91 /* PointLog.swift */ = {isa = PBXFileReference; lastKnownFileType = sourcecode.swift; path = PointLog.swift; sourceTree = "<group>"; };
/* End PBXFileReference section */

/* Begin PBXFrameworksBuildPhase section */
		561CAEAA1F83756F0014E477 /* Frameworks */ = {
			isa = PBXFrameworksBuildPhase;
			buildActionMask = 2147483647;
			files = (
			);
			runOnlyForDeploymentPostprocessing = 0;
		};
/* End PBXFrameworksBuildPhase section */

/* Begin PBXGroup section */
		561CAEA41F83756F0014E477 = {
			isa = PBXGroup;
			children = (
				561CAEAF1F83756F0014E477 /* PointSystem */,
				561CAEAE1F83756F0014E477 /* Products */,
			);
			sourceTree = "<group>";
		};
		561CAEAE1F83756F0014E477 /* Products */ = {
			isa = PBXGroup;
			children = (
				561CAEAD1F83756F0014E477 /* PointSystem.app */,
			);
			name = Products;
			sourceTree = "<group>";
		};
		561CAEAF1F83756F0014E477 /* PointSystem */ = {
			isa = PBXGroup;
			children = (
				561CAEE51F837D8B0014E477 /* Main.storyboard */,
				561CAEB01F83756F0014E477 /* AppDelegate.swift */,
				561CAEB21F83756F0014E477 /* ViewController.swift */,
				561CAEB71F83756F0014E477 /* Assets.xcassets */,
				561CAEB91F83756F0014E477 /* LaunchScreen.storyboard */,
				561CAEBC1F83756F0014E477 /* Info.plist */,
				560D35B51F84B15C005A2E4D /* GetDataFromServer.swift */,
				F01B8D6A1F8CD13300F27DFB /* ListViewController.swift */,
				F0FB4D241F8F347700409A91 /* PointLog.swift */,
				5695DC531F9106B80058D2A7 /* ResultPackage.swift */,
				5695DC551F9109EC0058D2A7 /* Account.swift */,
			);
			path = PointSystem;
			sourceTree = "<group>";
		};
/* End PBXGroup section */

/* Begin PBXNativeTarget section */
		561CAEAC1F83756F0014E477 /* PointSystem */ = {
			isa = PBXNativeTarget;
			buildConfigurationList = 561CAEBF1F83756F0014E477 /* Build configuration list for PBXNativeTarget "PointSystem" */;
			buildPhases = (
				561CAEA91F83756F0014E477 /* Sources */,
				561CAEAA1F83756F0014E477 /* Frameworks */,
				561CAEAB1F83756F0014E477 /* Resources */,
			);
			buildRules = (
			);
			dependencies = (
			);
			name = PointSystem;
			productName = PointSystem;
			productReference = 561CAEAD1F83756F0014E477 /* PointSystem.app */;
			productType = "com.apple.product-type.application";
		};
/* End PBXNativeTarget section */

/* Begin PBXProject section */
		561CAEA51F83756F0014E477 /* Project object */ = {
			isa = PBXProject;
			attributes = {
				LastSwiftUpdateCheck = 0900;
				LastUpgradeCheck = 0900;
				ORGANIZATIONNAME = dongruixuan;
				TargetAttributes = {
					561CAEAC1F83756F0014E477 = {
						CreatedOnToolsVersion = 9.0;
						ProvisioningStyle = Automatic;
					};
				};
			};
			buildConfigurationList = 561CAEA81F83756F0014E477 /* Build configuration list for PBXProject "PointSystem" */;
			compatibilityVersion = "Xcode 8.0";
			developmentRegion = en;
			hasScannedForEncodings = 0;
			knownRegions = (
				en,
				Base,
			);
			mainGroup = 561CAEA41F83756F0014E477;
			productRefGroup = 561CAEAE1F83756F0014E477 /* Products */;
			projectDirPath = "";
			projectRoot = "";
			targets = (
				561CAEAC1F83756F0014E477 /* PointSystem */,
			);
		};
/* End PBXProject section */

/* Begin PBXResourcesBuildPhase section */
		561CAEAB1F83756F0014E477 /* Resources */ = {
			isa = PBXResourcesBuildPhase;
			buildActionMask = 2147483647;
			files = (
				561CAEE71F837D8B0014E477 /* Main.storyboard in Resources */,
				561CAEBB1F83756F0014E477 /* LaunchScreen.storyboard in Resources */,
				561CAEB81F83756F0014E477 /* Assets.xcassets in Resources */,
			);
			runOnlyForDeploymentPostprocessing = 0;
		};
/* End PBXResourcesBuildPhase section */

/* Begin PBXSourcesBuildPhase section */
		561CAEA91F83756F0014E477 /* Sources */ = {
			isa = PBXSourcesBuildPhase;
			buildActionMask = 2147483647;
			files = (
				F0FB4D251F8F347700409A91 /* PointLog.swift in Sources */,
				5695DC541F9106B80058D2A7 /* ResultPackage.swift in Sources */,
				560D35B61F84B15C005A2E4D /* GetDataFromServer.swift in Sources */,
				561CAEB31F83756F0014E477 /* ViewController.swift in Sources */,
				F01B8D6B1F8CD13300F27DFB /* ListViewController.swift in Sources */,
				561CAEB11F83756F0014E477 /* AppDelegate.swift in Sources */,
				5695DC561F9109EC0058D2A7 /* Account.swift in Sources */,
			);
			runOnlyForDeploymentPostprocessing = 0;
		};
/* End PBXSourcesBuildPhase section */

/* Begin PBXVariantGroup section */
		561CAEB91F83756F0014E477 /* LaunchScreen.storyboard */ = {
			isa = PBXVariantGroup;
			children = (
				561CAEBA1F83756F0014E477 /* Base */,
			);
			name = LaunchScreen.storyboard;
			sourceTree = "<group>";
		};
		561CAEE51F837D8B0014E477 /* Main.storyboard */ = {
			isa = PBXVariantGroup;
			children = (
				561CAEE61F837D8B0014E477 /* Base */,
			);
			name = Main.storyboard;
			sourceTree = "<group>";
		};
/* End PBXVariantGroup section */

/* Begin XCBuildConfiguration section */
		561CAEBD1F83756F0014E477 /* Debug */ = {
			isa = XCBuildConfiguration;
			buildSettings = {
				ALWAYS_SEARCH_USER_PATHS = NO;
				CLANG_ANALYZER_NONNULL = YES;
				CLANG_ANALYZER_NUMBER_OBJECT_CONVERSION = YES_AGGRESSIVE;
				CLANG_CXX_LANGUAGE_STANDARD = "gnu++14";
				CLANG_CXX_LIBRARY = "libc++";
				CLANG_ENABLE_MODULES = YES;
				CLANG_ENABLE_OBJC_ARC = YES;
				CLANG_WARN_BLOCK_CAPTURE_AUTORELEASING = YES;
				CLANG_WARN_BOOL_CONVERSION = YES;
				CLANG_WARN_COMMA = YES;
				CLANG_WARN_CONSTANT_CONVERSION = YES;
				CLANG_WARN_DIRECT_OBJC_ISA_USAGE = YES_ERROR;
				CLANG_WARN_DOCUMENTATION_COMMENTS = YES;
				CLANG_WARN_EMPTY_BODY = YES;
				CLANG_WARN_ENUM_CONVERSION = YES;
				CLANG_WARN_INFINITE_RECURSION = YES;
				CLANG_WARN_INT_CONVERSION = YES;
				CLANG_WARN_NON_LITERAL_NULL_CONVERSION = YES;
				CLANG_WARN_OBJC_LITERAL_CONVERSION = YES;
				CLANG_WARN_OBJC_ROOT_CLASS = YES_ERROR;
				CLANG_WARN_RANGE_LOOP_ANALYSIS = YES;
				CLANG_WARN_STRICT_PROTOTYPES = YES;
				CLANG_WARN_SUSPICIOUS_MOVE = YES;
				CLANG_WARN_UNGUARDED_AVAILABILITY = YES_AGGRESSIVE;
				CLANG_WARN_UNREACHABLE_CODE = YES;
				CLANG_WARN__DUPLICATE_METHOD_MATCH = YES;
				CODE_SIGN_IDENTITY = "iPhone Developer";
				COPY_PHASE_STRIP = NO;
				DEBUG_INFORMATION_FORMAT = dwarf;
				ENABLE_STRICT_OBJC_MSGSEND = YES;
				ENABLE_TESTABILITY = YES;
				GCC_C_LANGUAGE_STANDARD = gnu11;
				GCC_DYNAMIC_NO_PIC = NO;
				GCC_NO_COMMON_BLOCKS = YES;
				GCC_OPTIMIZATION_LEVEL = 0;
				GCC_PREPROCESSOR_DEFINITIONS = (
					"DEBUG=1",
					"$(inherited)",
				);
				GCC_WARN_64_TO_32_BIT_CONVERSION = YES;
				GCC_WARN_ABOUT_RETURN_TYPE = YES_ERROR;
				GCC_WARN_UNDECLARED_SELECTOR = YES;
				GCC_WARN_UNINITIALIZED_AUTOS = YES_AGGRESSIVE;
				GCC_WARN_UNUSED_FUNCTION = YES;
				GCC_WARN_UNUSED_VARIABLE = YES;
				IPHONEOS_DEPLOYMENT_TARGET = 11.0;
				MTL_ENABLE_DEBUG_INFO = YES;
				ONLY_ACTIVE_ARCH = YES;
				SDKROOT = iphoneos;
				SWIFT_ACTIVE_COMPILATION_CONDITIONS = DEBUG;
				SWIFT_OPTIMIZATION_LEVEL = "-Onone";
			};
			name = Debug;
		};
		561CAEBE1F83756F0014E477 /* Release */ = {
			isa = XCBuildConfiguration;
			buildSettings = {
				ALWAYS_SEARCH_USER_PATHS = NO;
				CLANG_ANALYZER_NONNULL = YES;
				CLANG_ANALYZER_NUMBER_OBJECT_CONVERSION = YES_AGGRESSIVE;
				CLANG_CXX_LANGUAGE_STANDARD = "gnu++14";
				CLANG_CXX_LIBRARY = "libc++";
				CLANG_ENABLE_MODULES = YES;
				CLANG_ENABLE_OBJC_ARC = YES;
				CLANG_WARN_BLOCK_CAPTURE_AUTORELEASING = YES;
				CLANG_WARN_BOOL_CONVERSION = YES;
				CLANG_WARN_COMMA = YES;
				CLANG_WARN_CONSTANT_CONVERSION = YES;
				CLANG_WARN_DIRECT_OBJC_ISA_USAGE = YES_ERROR;
				CLANG_WARN_DOCUMENTATION_COMMENTS = YES;
				CLANG_WARN_EMPTY_BODY = YES;
				CLANG_WARN_ENUM_CONVERSION = YES;
				CLANG_WARN_INFINITE_RECURSION = YES;
				CLANG_WARN_INT_CONVERSION = YES;
				CLANG_WARN_NON_LITERAL_NULL_CONVERSION = YES;
				CLANG_WARN_OBJC_LITERAL_CONVERSION = YES;
				CLANG_WARN_OBJC_ROOT_CLASS = YES_ERROR;
				CLANG_WARN_RANGE_LOOP_ANALYSIS = YES;
				CLANG_WARN_STRICT_PROTOTYPES = YES;
				CLANG_WARN_SUSPICIOUS_MOVE = YES;
				CLANG_WARN_UNGUARDED_AVAILABILITY = YES_AGGRESSIVE;
				CLANG_WARN_UNREACHABLE_CODE = YES;
				CLANG_WARN__DUPLICATE_METHOD_MATCH = YES;
				CODE_SIGN_IDENTITY = "iPhone Developer";
				COPY_PHASE_STRIP = NO;
				DEBUG_INFORMATION_FORMAT = "dwarf-with-dsym";
				ENABLE_NS_ASSERTIONS = NO;
				ENABLE_STRICT_OBJC_MSGSEND = YES;
				GCC_C_LANGUAGE_STANDARD = gnu11;
				GCC_NO_COMMON_BLOCKS = YES;
				GCC_WARN_64_TO_32_BIT_CONVERSION = YES;
				GCC_WARN_ABOUT_RETURN_TYPE = YES_ERROR;
				GCC_WARN_UNDECLARED_SELECTOR = YES;
				GCC_WARN_UNINITIALIZED_AUTOS = YES_AGGRESSIVE;
				GCC_WARN_UNUSED_FUNCTION = YES;
				GCC_WARN_UNUSED_VARIABLE = YES;
				IPHONEOS_DEPLOYMENT_TARGET = 11.0;
				MTL_ENABLE_DEBUG_INFO = NO;
				SDKROOT = iphoneos;
				SWIFT_OPTIMIZATION_LEVEL = "-Owholemodule";
				VALIDATE_PRODUCT = YES;
			};
			name = Release;
		};
		561CAEC01F83756F0014E477 /* Debug */ = {
			isa = XCBuildConfiguration;
			buildSettings = {
				ASSETCATALOG_COMPILER_APPICON_NAME = AppIcon;
				CODE_SIGN_STYLE = Automatic;
				DEVELOPMENT_TEAM = U2ARJF67Z4;
				INFOPLIST_FILE = PointSystem/Info.plist;
				IPHONEOS_DEPLOYMENT_TARGET = 9.0;
				LD_RUNPATH_SEARCH_PATHS = "$(inherited) @executable_path/Frameworks";
				PRODUCT_BUNDLE_IDENTIFIER = top.starcatmeow.PointSystem;
				PRODUCT_NAME = "$(TARGET_NAME)";
				SWIFT_VERSION = 4.0;
				TARGETED_DEVICE_FAMILY = "1,2";
			};
			name = Debug;
		};
		561CAEC11F83756F0014E477 /* Release */ = {
			isa = XCBuildConfiguration;
			buildSettings = {
				ASSETCATALOG_COMPILER_APPICON_NAME = AppIcon;
				CODE_SIGN_STYLE = Automatic;
				DEVELOPMENT_TEAM = U2ARJF67Z4;
				INFOPLIST_FILE = PointSystem/Info.plist;
				IPHONEOS_DEPLOYMENT_TARGET = 9.0;
				LD_RUNPATH_SEARCH_PATHS = "$(inherited) @executable_path/Frameworks";
				PRODUCT_BUNDLE_IDENTIFIER = top.starcatmeow.PointSystem;
				PRODUCT_NAME = "$(TARGET_NAME)";
				SWIFT_VERSION = 4.0;
				TARGETED_DEVICE_FAMILY = "1,2";
			};
			name = Release;
		};
/* End XCBuildConfiguration section */

/* Begin XCConfigurationList section */
		561CAEA81F83756F0014E477 /* Build configuration list for PBXProject "PointSystem" */ = {
			isa = XCConfigurationList;
			buildConfigurations = (
				561CAEBD1F83756F0014E477 /* Debug */,
				561CAEBE1F83756F0014E477 /* Release */,
			);
			defaultConfigurationIsVisible = 0;
			defaultConfigurationName = Release;
		};
		561CAEBF1F83756F0014E477 /* Build configuration list for PBXNativeTarget "PointSystem" */ = {
			isa = XCConfigurationList;
			buildConfigurations = (
				561CAEC01F83756F0014E477 /* Debug */,
				561CAEC11F83756F0014E477 /* Release */,
			);
			defaultConfigurationIsVisible = 0;
			defaultConfigurationName = Release;
		};
/* End XCConfigurationList section */
	};
	rootObject = 561CAEA51F83756F0014E477 /* Project object */;
}
